
Microsoft Visual Studio Solution File, Format Version 12.00
# Visual Studio Version 17
VisualStudioVersion = 17.1.32319.34
MinimumVisualStudioVersion = 10.0.40219.1
Project("{8BC9CEB8-8B4A-11D0-8D11-00A0C91BC942}") = "WyjatkiZad1", "WyjatkiZad1\WyjatkiZad1.vcxproj", "{2636483A-13B6-46E8-871A-BA05DEC697FF}"
EndProject
Project("{8BC9CEB8-8B4A-11D0-8D11-00A0C91BC942}") = "WyjatkiZad2", "WyjatkiZad2\WyjatkiZad2.vcxproj", "{71FAE084-0B1A-48D7-8DFE-F8FBEB6CFF9D}"
EndProject
Project("{8BC9CEB8-8B4A-11D0-8D11-00A0C91BC942}") = "TemplateBrudnopis", "TemplateBrudnopis\TemplateBrudnopis.vcxproj", "{226C9FDC-8CFF-42F6-8261-CD0ADEB785A6}"
EndProject
Project("{8BC9CEB8-8B4A-11D0-8D11-00A0C91BC942}") = "TemplateZad1", "TemplateZad1\TemplateZad1.vcxproj", "{5724B5E4-1AE0-4563-A2BF-B7731510562B}"
EndProject
Project("{8BC9CEB8-8B4A-11D0-8D11-00A0C91BC942}") = "TemplateZad4", "TemplateZad4\TemplateZad4.vcxproj", "{F00DDCD7-1D16-4905-AED5-A3196E583B86}"
EndProject
Project("{8BC9CEB8-8B4A-11D0-8D11-00A0C91BC942}") = "SmartPointer", "SmartPointer\SmartPointer.vcxproj", "{858B1183-B828-43B9-8BF2-ADFDFA1E915B}"
EndProject
Project("{8BC9CEB8-8B4A-11D0-8D11-00A0C91BC942}") = "SmartPtrZad1", "SmartPtrZad1\SmartPtrZad1.vcxproj", "{07BD2B34-F0D0-457F-8531-6CD27819218E}"
EndProject
Project("{8BC9CEB8-8B4A-11D0-8D11-00A0C91BC942}") = "SmartPtrZad2", "SmartPtrZad2\SmartPtrZad2.vcxproj", "{EEC3E100-14EA-4528-AF70-7C5E065931C1}"
EndProject
Project("{8BC9CEB8-8B4A-11D0-8D11-00A0C91BC942}") = "Funktor", "Funktor\Funktor.vcxproj", "{F5BAEAA5-83B9-48CF-BF81-ABC76046FBD9}"
EndProject
Project("{8BC9CEB8-8B4A-11D0-8D11-00A0C91BC942}") = "ContainerZad1", "ContainerZad1\ContainerZad1.vcxproj", "{6868CEEB-75E2-4FA0-BADE-43E23A818E8D}"
EndProject
Project("{8BC9CEB8-8B4A-11D0-8D11-00A0C91BC942}") = "ContainerZad2", "ContainerZad2\ContainerZad2.vcxproj", "{B69E5ACD-51BC-45C6-8558-BB7EC72F3844}"
EndProject
Project("{8BC9CEB8-8B4A-11D0-8D11-00A0C91BC942}") = "ContainerZa6", "ContainerZa6\ContainerZa6.vcxproj", "{5513419B-9E8B-4D45-A82A-8B0797807B4F}"
EndProject
Project("{8BC9CEB8-8B4A-11D0-8D11-00A0C91BC942}") = "ContainerZad5", "ContainerZad5\ContainerZad5.vcxproj", "{AEFB3EA0-2C9F-4085-8891-39A4B8D2E7E7}"
EndProject
Project("{8BC9CEB8-8B4A-11D0-8D11-00A0C91BC942}") = "Lambda", "Lambda\Lambda.vcxproj", "{075C54E8-6AF1-4FC7-8892-653C3C7AA8A3}"
EndProject
Project("{8BC9CEB8-8B4A-11D0-8D11-00A0C91BC942}") = "ContainerZad3", "ContainerZad3\ContainerZad3.vcxproj", "{6A2324F6-E4BE-4F9F-A0CC-77678E8EA3C2}"
EndProject
Project("{8BC9CEB8-8B4A-11D0-8D11-00A0C91BC942}") = "Zadanie01", "Zadanie01\Zadanie01.vcxproj", "{D0021387-0D0B-4A23-B565-5E328272ABCA}"
EndProject
Project("{8BC9CEB8-8B4A-11D0-8D11-00A0C91BC942}") = "Zadanie02", "Zadanie02\Zadanie02.vcxproj", "{894AF359-F852-45D5-92EE-CD6E4B590A1A}"
EndProject
Global
	GlobalSection(SolutionConfigurationPlatforms) = preSolution
		Debug|x64 = Debug|x64
		Debug|x86 = Debug|x86
		Release|x64 = Release|x64
		Release|x86 = Release|x86
	EndGlobalSection
	GlobalSection(ProjectConfigurationPlatforms) = postSolution
		{2636483A-13B6-46E8-871A-BA05DEC697FF}.Debug|x64.ActiveCfg = Debug|x64
		{2636483A-13B6-46E8-871A-BA05DEC697FF}.Debug|x64.Build.0 = Debug|x64
		{2636483A-13B6-46E8-871A-BA05DEC697FF}.Debug|x86.ActiveCfg = Debug|Win32
		{2636483A-13B6-46E8-871A-BA05DEC697FF}.Debug|x86.Build.0 = Debug|Win32
		{2636483A-13B6-46E8-871A-BA05DEC697FF}.Release|x64.ActiveCfg = Release|x64
		{2636483A-13B6-46E8-871A-BA05DEC697FF}.Release|x64.Build.0 = Release|x64
		{2636483A-13B6-46E8-871A-BA05DEC697FF}.Release|x86.ActiveCfg = Release|Win32
		{2636483A-13B6-46E8-871A-BA05DEC697FF}.Release|x86.Build.0 = Release|Win32
		{71FAE084-0B1A-48D7-8DFE-F8FBEB6CFF9D}.Debug|x64.ActiveCfg = Debug|x64
		{71FAE084-0B1A-48D7-8DFE-F8FBEB6CFF9D}.Debug|x64.Build.0 = Debug|x64
		{71FAE084-0B1A-48D7-8DFE-F8FBEB6CFF9D}.Debug|x86.ActiveCfg = Debug|Win32
		{71FAE084-0B1A-48D7-8DFE-F8FBEB6CFF9D}.Debug|x86.Build.0 = Debug|Win32
		{71FAE084-0B1A-48D7-8DFE-F8FBEB6CFF9D}.Release|x64.ActiveCfg = Release|x64
		{71FAE084-0B1A-48D7-8DFE-F8FBEB6CFF9D}.Release|x64.Build.0 = Release|x64
		{71FAE084-0B1A-48D7-8DFE-F8FBEB6CFF9D}.Release|x86.ActiveCfg = Release|Win32
		{71FAE084-0B1A-48D7-8DFE-F8FBEB6CFF9D}.Release|x86.Build.0 = Release|Win32
		{226C9FDC-8CFF-42F6-8261-CD0ADEB785A6}.Debug|x64.ActiveCfg = Debug|x64
		{226C9FDC-8CFF-42F6-8261-CD0ADEB785A6}.Debug|x64.Build.0 = Debug|x64
		{226C9FDC-8CFF-42F6-8261-CD0ADEB785A6}.Debug|x86.ActiveCfg = Debug|Win32
		{226C9FDC-8CFF-42F6-8261-CD0ADEB785A6}.Debug|x86.Build.0 = Debug|Win32
		{226C9FDC-8CFF-42F6-8261-CD0ADEB785A6}.Release|x64.ActiveCfg = Release|x64
		{226C9FDC-8CFF-42F6-8261-CD0ADEB785A6}.Release|x64.Build.0 = Release|x64
		{226C9FDC-8CFF-42F6-8261-CD0ADEB785A6}.Release|x86.ActiveCfg = Release|Win32
		{226C9FDC-8CFF-42F6-8261-CD0ADEB785A6}.Release|x86.Build.0 = Release|Win32
		{5724B5E4-1AE0-4563-A2BF-B7731510562B}.Debug|x64.ActiveCfg = Debug|x64
		{5724B5E4-1AE0-4563-A2BF-B7731510562B}.Debug|x64.Build.0 = Debug|x64
		{5724B5E4-1AE0-4563-A2BF-B7731510562B}.Debug|x86.ActiveCfg = Debug|Win32
		{5724B5E4-1AE0-4563-A2BF-B7731510562B}.Debug|x86.Build.0 = Debug|Win32
		{5724B5E4-1AE0-4563-A2BF-B7731510562B}.Release|x64.ActiveCfg = Release|x64
		{5724B5E4-1AE0-4563-A2BF-B7731510562B}.Release|x64.Build.0 = Release|x64
		{5724B5E4-1AE0-4563-A2BF-B7731510562B}.Release|x86.ActiveCfg = Release|Win32
		{5724B5E4-1AE0-4563-A2BF-B7731510562B}.Release|x86.Build.0 = Release|Win32
		{F00DDCD7-1D16-4905-AED5-A3196E583B86}.Debug|x64.ActiveCfg = Debug|x64
		{F00DDCD7-1D16-4905-AED5-A3196E583B86}.Debug|x64.Build.0 = Debug|x64
		{F00DDCD7-1D16-4905-AED5-A3196E583B86}.Debug|x86.ActiveCfg = Debug|Win32
		{F00DDCD7-1D16-4905-AED5-A3196E583B86}.Debug|x86.Build.0 = Debug|Win32
		{F00DDCD7-1D16-4905-AED5-A3196E583B86}.Release|x64.ActiveCfg = Release|x64
		{F00DDCD7-1D16-4905-AED5-A3196E583B86}.Release|x64.Build.0 = Release|x64
		{F00DDCD7-1D16-4905-AED5-A3196E583B86}.Release|x86.ActiveCfg = Release|Win32
		{F00DDCD7-1D16-4905-AED5-A3196E583B86}.Release|x86.Build.0 = Release|Win32
		{858B1183-B828-43B9-8BF2-ADFDFA1E915B}.Debug|x64.ActiveCfg = Debug|x64
		{858B1183-B828-43B9-8BF2-ADFDFA1E915B}.Debug|x64.Build.0 = Debug|x64
		{858B1183-B828-43B9-8BF2-ADFDFA1E915B}.Debug|x86.ActiveCfg = Debug|Win32
		{858B1183-B828-43B9-8BF2-ADFDFA1E915B}.Debug|x86.Build.0 = Debug|Win32
		{858B1183-B828-43B9-8BF2-ADFDFA1E915B}.Release|x64.ActiveCfg = Release|x64
		{858B1183-B828-43B9-8BF2-ADFDFA1E915B}.Release|x64.Build.0 = Release|x64
		{858B1183-B828-43B9-8BF2-ADFDFA1E915B}.Release|x86.ActiveCfg = Release|Win32
		{858B1183-B828-43B9-8BF2-ADFDFA1E915B}.Release|x86.Build.0 = Release|Win32
		{07BD2B34-F0D0-457F-8531-6CD27819218E}.Debug|x64.ActiveCfg = Debug|x64
		{07BD2B34-F0D0-457F-8531-6CD27819218E}.Debug|x64.Build.0 = Debug|x64
		{07BD2B34-F0D0-457F-8531-6CD27819218E}.Debug|x86.ActiveCfg = Debug|Win32
		{07BD2B34-F0D0-457F-8531-6CD27819218E}.Debug|x86.Build.0 = Debug|Win32
		{07BD2B34-F0D0-457F-8531-6CD27819218E}.Release|x64.ActiveCfg = Release|x64
		{07BD2B34-F0D0-457F-8531-6CD27819218E}.Release|x64.Build.0 = Release|x64
		{07BD2B34-F0D0-457F-8531-6CD27819218E}.Release|x86.ActiveCfg = Release|Win32
		{07BD2B34-F0D0-457F-8531-6CD27819218E}.Release|x86.Build.0 = Release|Win32
		{EEC3E100-14EA-4528-AF70-7C5E065931C1}.Debug|x64.ActiveCfg = Debug|x64
		{EEC3E100-14EA-4528-AF70-7C5E065931C1}.Debug|x64.Build.0 = Debug|x64
		{EEC3E100-14EA-4528-AF70-7C5E065931C1}.Debug|x86.ActiveCfg = Debug|Win32
		{EEC3E100-14EA-4528-AF70-7C5E065931C1}.Debug|x86.Build.0 = Debug|Win32
		{EEC3E100-14EA-4528-AF70-7C5E065931C1}.Release|x64.ActiveCfg = Release|x64
		{EEC3E100-14EA-4528-AF70-7C5E065931C1}.Release|x64.Build.0 = Release|x64
		{EEC3E100-14EA-4528-AF70-7C5E065931C1}.Release|x86.ActiveCfg = Release|Win32
		{EEC3E100-14EA-4528-AF70-7C5E065931C1}.Release|x86.Build.0 = Release|Win32
		{F5BAEAA5-83B9-48CF-BF81-ABC76046FBD9}.Debug|x64.ActiveCfg = Debug|x64
		{F5BAEAA5-83B9-48CF-BF81-ABC76046FBD9}.Debug|x64.Build.0 = Debug|x64
		{F5BAEAA5-83B9-48CF-BF81-ABC76046FBD9}.Debug|x86.ActiveCfg = Debug|Win32
		{F5BAEAA5-83B9-48CF-BF81-ABC76046FBD9}.Debug|x86.Build.0 = Debug|Win32
		{F5BAEAA5-83B9-48CF-BF81-ABC76046FBD9}.Release|x64.ActiveCfg = Release|x64
		{F5BAEAA5-83B9-48CF-BF81-ABC76046FBD9}.Release|x64.Build.0 = Release|x64
		{F5BAEAA5-83B9-48CF-BF81-ABC76046FBD9}.Release|x86.ActiveCfg = Release|Win32
		{F5BAEAA5-83B9-48CF-BF81-ABC76046FBD9}.Release|x86.Build.0 = Release|Win32
		{6868CEEB-75E2-4FA0-BADE-43E23A818E8D}.Debug|x64.ActiveCfg = Debug|x64
		{6868CEEB-75E2-4FA0-BADE-43E23A818E8D}.Debug|x64.Build.0 = Debug|x64
		{6868CEEB-75E2-4FA0-BADE-43E23A818E8D}.Debug|x86.ActiveCfg = Debug|Win32
		{6868CEEB-75E2-4FA0-BADE-43E23A818E8D}.Debug|x86.Build.0 = Debug|Win32
		{6868CEEB-75E2-4FA0-BADE-43E23A818E8D}.Release|x64.ActiveCfg = Release|x64
		{6868CEEB-75E2-4FA0-BADE-43E23A818E8D}.Release|x64.Build.0 = Release|x64
		{6868CEEB-75E2-4FA0-BADE-43E23A818E8D}.Release|x86.ActiveCfg = Release|Win32
		{6868CEEB-75E2-4FA0-BADE-43E23A818E8D}.Release|x86.Build.0 = Release|Win32
		{B69E5ACD-51BC-45C6-8558-BB7EC72F3844}.Debug|x64.ActiveCfg = Debug|x64
		{B69E5ACD-51BC-45C6-8558-BB7EC72F3844}.Debug|x64.Build.0 = Debug|x64
		{B69E5ACD-51BC-45C6-8558-BB7EC72F3844}.Debug|x86.ActiveCfg = Debug|Win32
		{B69E5ACD-51BC-45C6-8558-BB7EC72F3844}.Debug|x86.Build.0 = Debug|Win32
		{B69E5ACD-51BC-45C6-8558-BB7EC72F3844}.Release|x64.ActiveCfg = Release|x64
		{B69E5ACD-51BC-45C6-8558-BB7EC72F3844}.Release|x64.Build.0 = Release|x64
		{B69E5ACD-51BC-45C6-8558-BB7EC72F3844}.Release|x86.ActiveCfg = Release|Win32
		{B69E5ACD-51BC-45C6-8558-BB7EC72F3844}.Release|x86.Build.0 = Release|Win32
		{5513419B-9E8B-4D45-A82A-8B0797807B4F}.Debug|x64.ActiveCfg = Debug|x64
		{5513419B-9E8B-4D45-A82A-8B0797807B4F}.Debug|x64.Build.0 = Debug|x64
		{5513419B-9E8B-4D45-A82A-8B0797807B4F}.Debug|x86.ActiveCfg = Debug|Win32
		{5513419B-9E8B-4D45-A82A-8B0797807B4F}.Debug|x86.Build.0 = Debug|Win32
		{5513419B-9E8B-4D45-A82A-8B0797807B4F}.Release|x64.ActiveCfg = Release|x64
		{5513419B-9E8B-4D45-A82A-8B0797807B4F}.Release|x64.Build.0 = Release|x64
		{5513419B-9E8B-4D45-A82A-8B0797807B4F}.Release|x86.ActiveCfg = Release|Win32
		{5513419B-9E8B-4D45-A82A-8B0797807B4F}.Release|x86.Build.0 = Release|Win32
		{AEFB3EA0-2C9F-4085-8891-39A4B8D2E7E7}.Debug|x64.ActiveCfg = Debug|x64
		{AEFB3EA0-2C9F-4085-8891-39A4B8D2E7E7}.Debug|x64.Build.0 = Debug|x64
		{AEFB3EA0-2C9F-4085-8891-39A4B8D2E7E7}.Debug|x86.ActiveCfg = Debug|Win32
		{AEFB3EA0-2C9F-4085-8891-39A4B8D2E7E7}.Debug|x86.Build.0 = Debug|Win32
		{AEFB3EA0-2C9F-4085-8891-39A4B8D2E7E7}.Release|x64.ActiveCfg = Release|x64
		{AEFB3EA0-2C9F-4085-8891-39A4B8D2E7E7}.Release|x64.Build.0 = Release|x64
		{AEFB3EA0-2C9F-4085-8891-39A4B8D2E7E7}.Release|x86.ActiveCfg = Release|Win32
		{AEFB3EA0-2C9F-4085-8891-39A4B8D2E7E7}.Release|x86.Build.0 = Release|Win32
		{075C54E8-6AF1-4FC7-8892-653C3C7AA8A3}.Debug|x64.ActiveCfg = Debug|x64
		{075C54E8-6AF1-4FC7-8892-653C3C7AA8A3}.Debug|x64.Build.0 = Debug|x64
		{075C54E8-6AF1-4FC7-8892-653C3C7AA8A3}.Debug|x86.ActiveCfg = Debug|Win32
		{075C54E8-6AF1-4FC7-8892-653C3C7AA8A3}.Debug|x86.Build.0 = Debug|Win32
		{075C54E8-6AF1-4FC7-8892-653C3C7AA8A3}.Release|x64.ActiveCfg = Release|x64
		{075C54E8-6AF1-4FC7-8892-653C3C7AA8A3}.Release|x64.Build.0 = Release|x64
		{075C54E8-6AF1-4FC7-8892-653C3C7AA8A3}.Release|x86.ActiveCfg = Release|Win32
		{075C54E8-6AF1-4FC7-8892-653C3C7AA8A3}.Release|x86.Build.0 = Release|Win32
		{6A2324F6-E4BE-4F9F-A0CC-77678E8EA3C2}.Debug|x64.ActiveCfg = Debug|x64
		{6A2324F6-E4BE-4F9F-A0CC-77678E8EA3C2}.Debug|x64.Build.0 = Debug|x64
		{6A2324F6-E4BE-4F9F-A0CC-77678E8EA3C2}.Debug|x86.ActiveCfg = Debug|Win32
		{6A2324F6-E4BE-4F9F-A0CC-77678E8EA3C2}.Debug|x86.Build.0 = Debug|Win32
		{6A2324F6-E4BE-4F9F-A0CC-77678E8EA3C2}.Release|x64.ActiveCfg = Release|x64
		{6A2324F6-E4BE-4F9F-A0CC-77678E8EA3C2}.Release|x64.Build.0 = Release|x64
		{6A2324F6-E4BE-4F9F-A0CC-77678E8EA3C2}.Release|x86.ActiveCfg = Release|Win32
		{6A2324F6-E4BE-4F9F-A0CC-77678E8EA3C2}.Release|x86.Build.0 = Release|Win32
		{D0021387-0D0B-4A23-B565-5E328272ABCA}.Debug|x64.ActiveCfg = Debug|x64
		{D0021387-0D0B-4A23-B565-5E328272ABCA}.Debug|x64.Build.0 = Debug|x64
		{D0021387-0D0B-4A23-B565-5E328272ABCA}.Debug|x86.ActiveCfg = Debug|Win32
		{D0021387-0D0B-4A23-B565-5E328272ABCA}.Debug|x86.Build.0 = Debug|Win32
		{D0021387-0D0B-4A23-B565-5E328272ABCA}.Release|x64.ActiveCfg = Release|x64
		{D0021387-0D0B-4A23-B565-5E328272ABCA}.Release|x64.Build.0 = Release|x64
		{D0021387-0D0B-4A23-B565-5E328272ABCA}.Release|x86.ActiveCfg = Release|Win32
		{D0021387-0D0B-4A23-B565-5E328272ABCA}.Release|x86.Build.0 = Release|Win32
		{894AF359-F852-45D5-92EE-CD6E4B590A1A}.Debug|x64.ActiveCfg = Debug|x64
		{894AF359-F852-45D5-92EE-CD6E4B590A1A}.Debug|x64.Build.0 = Debug|x64
		{894AF359-F852-45D5-92EE-CD6E4B590A1A}.Debug|x86.ActiveCfg = Debug|Win32
		{894AF359-F852-45D5-92EE-CD6E4B590A1A}.Debug|x86.Build.0 = Debug|Win32
		{894AF359-F852-45D5-92EE-CD6E4B590A1A}.Release|x64.ActiveCfg = Release|x64
		{894AF359-F852-45D5-92EE-CD6E4B590A1A}.Release|x64.Build.0 = Release|x64
		{894AF359-F852-45D5-92EE-CD6E4B590A1A}.Release|x86.ActiveCfg = Release|Win32
		{894AF359-F852-45D5-92EE-CD6E4B590A1A}.Release|x86.Build.0 = Release|Win32
	EndGlobalSection
	GlobalSection(SolutionProperties) = preSolution
		HideSolutionNode = FALSE
	EndGlobalSection
	GlobalSection(ExtensibilityGlobals) = postSolution
		SolutionGuid = {4F87D1B5-16DF-420E-AF91-55BC027A25B4}
	EndGlobalSection
EndGlobal
